
Microsoft Visual Studio Solution File, Format Version 12.00
# Visual Studio Version 17
VisualStudioVersion = 17.12.35707.178 d17.12
MinimumVisualStudioVersion = 10.0.40219.1
Project("{FAE04EC0-301F-11D3-BF4B-00C04F79EFBC}") = "Assignment 2", "Assignment 2\Assignment 2.csproj", "{9211656D-3979-4344-A981-20EA2023F041}"
EndProject
Project("{FAE04EC0-301F-11D3-BF4B-00C04F79EFBC}") = "TestProject1", "TestProject1\TestProject1.csproj", "{2CD0F8E1-F3A9-4B4F-B1CC-135E01FDE412}"
EndProject
Global
	GlobalSection(SolutionConfigurationPlatforms) = preSolution
		Debug|Any CPU = Debug|Any CPU
		Release|Any CPU = Release|Any CPU
	EndGlobalSection
	GlobalSection(ProjectConfigurationPlatforms) = postSolution
		{9211656D-3979-4344-A981-20EA2023F041}.Debug|Any CPU.ActiveCfg = Debug|Any CPU
		{9211656D-3979-4344-A981-20EA2023F041}.Debug|Any CPU.Build.0 = Debug|Any CPU
		{9211656D-3979-4344-A981-20EA2023F041}.Release|Any CPU.ActiveCfg = Release|Any CPU
		{9211656D-3979-4344-A981-20EA2023F041}.Release|Any CPU.Build.0 = Release|Any CPU
		{2CD0F8E1-F3A9-4B4F-B1CC-135E01FDE412}.Debug|Any CPU.ActiveCfg = Debug|Any CPU
		{2CD0F8E1-F3A9-4B4F-B1CC-135E01FDE412}.Debug|Any CPU.Build.0 = Debug|Any CPU
		{2CD0F8E1-F3A9-4B4F-B1CC-135E01FDE412}.Release|Any CPU.ActiveCfg = Release|Any CPU
		{2CD0F8E1-F3A9-4B4F-B1CC-135E01FDE412}.Release|Any CPU.Build.0 = Release|Any CPU
	EndGlobalSection
	GlobalSection(SolutionProperties) = preSolution
		HideSolutionNode = FALSE
	EndGlobalSection
EndGlobal
